
Microsoft Visual Studio Solution File, Format Version 12.00
# Visual Studio Version 17
VisualStudioVersion = 17.8.34511.84
MinimumVisualStudioVersion = 10.0.40219.1
Project("{FAE04EC0-301F-11D3-BF4B-00C04F79EFBC}") = "UDPWebsocketBroadcaster", "UDPWebsocketBroadcaster\UDPWebsocketBroadcaster.csproj", "{00A3E7E8-B9E0-452F-B1E9-B26AEB596E1A}"
EndProject
Global
	GlobalSection(SolutionConfigurationPlatforms) = preSolution
		Debug|Any CPU = Debug|Any CPU
		Release|Any CPU = Release|Any CPU
	EndGlobalSection
	GlobalSection(ProjectConfigurationPlatforms) = postSolution
		{00A3E7E8-B9E0-452F-B1E9-B26AEB596E1A}.Debug|Any CPU.ActiveCfg = Debug|Any CPU
		{00A3E7E8-B9E0-452F-B1E9-B26AEB596E1A}.Debug|Any CPU.Build.0 = Debug|Any CPU
		{00A3E7E8-B9E0-452F-B1E9-B26AEB596E1A}.Release|Any CPU.ActiveCfg = Release|Any CPU
		{00A3E7E8-B9E0-452F-B1E9-B26AEB596E1A}.Release|Any CPU.Build.0 = Release|Any CPU
	EndGlobalSection
	GlobalSection(SolutionProperties) = preSolution
		HideSolutionNode = FALSE
	EndGlobalSection
	GlobalSection(ExtensibilityGlobals) = postSolution
		SolutionGuid = {20C4DCA7-BFCD-4B1A-959E-621B0A8256EE}
	EndGlobalSection
EndGlobal
