
Microsoft Visual Studio Solution File, Format Version 12.00
# Visual Studio Version 17
VisualStudioVersion = 17.8.34511.84
MinimumVisualStudioVersion = 10.0.40219.1
Project("{9A19103F-16F7-4668-BE54-9A1E7A4F7556}") = "UDPWebsocketBroadcasterClient", "UDPWebsocketBroadcasterClient\UDPWebsocketBroadcasterClient.csproj", "{45DCFD90-866F-4D1A-B410-E426925D5D32}"
EndProject
Project("{FAE04EC0-301F-11D3-BF4B-00C04F79EFBC}") = "UDPWebsocketBroadcasterReplay", "..\UDPWebsocketBroadcasterReplay\UDPWebsocketBroadcasterReplay.csproj", "{021AC3E9-7EEB-4653-8367-BBE7F03C92F8}"
EndProject
Global
	GlobalSection(SolutionConfigurationPlatforms) = preSolution
		Debug|Any CPU = Debug|Any CPU
		Release|Any CPU = Release|Any CPU
	EndGlobalSection
	GlobalSection(ProjectConfigurationPlatforms) = postSolution
		{45DCFD90-866F-4D1A-B410-E426925D5D32}.Debug|Any CPU.ActiveCfg = Debug|Any CPU
		{45DCFD90-866F-4D1A-B410-E426925D5D32}.Debug|Any CPU.Build.0 = Debug|Any CPU
		{45DCFD90-866F-4D1A-B410-E426925D5D32}.Release|Any CPU.ActiveCfg = Release|Any CPU
		{45DCFD90-866F-4D1A-B410-E426925D5D32}.Release|Any CPU.Build.0 = Release|Any CPU
		{021AC3E9-7EEB-4653-8367-BBE7F03C92F8}.Debug|Any CPU.ActiveCfg = Debug|Any CPU
		{021AC3E9-7EEB-4653-8367-BBE7F03C92F8}.Debug|Any CPU.Build.0 = Debug|Any CPU
		{021AC3E9-7EEB-4653-8367-BBE7F03C92F8}.Release|Any CPU.ActiveCfg = Release|Any CPU
		{021AC3E9-7EEB-4653-8367-BBE7F03C92F8}.Release|Any CPU.Build.0 = Release|Any CPU
	EndGlobalSection
	GlobalSection(SolutionProperties) = preSolution
		HideSolutionNode = FALSE
	EndGlobalSection
	GlobalSection(ExtensibilityGlobals) = postSolution
		SolutionGuid = {7F9AB13B-E24B-46A6-B34F-B7FC6BBEBCC7}
	EndGlobalSection
EndGlobal
